
Microsoft Visual Studio Solution File, Format Version 12.00
# Visual Studio Version 17
VisualStudioVersion = 17.4.33205.214
MinimumVisualStudioVersion = 10.0.40219.1
Project("{9A19103F-16F7-4668-BE54-9A1E7A4F7556}") = "HomeTG", "HomeTGCollection\HomeTG.csproj", "{B49F7FC3-39FC-45C0-AA94-F54EA85B92C1}"
EndProject
Project("{9A19103F-16F7-4668-BE54-9A1E7A4F7556}") = "HomeTG.Tests", "HomeTG.Tests\HomeTG.Tests.csproj", "{6AC515A6-07FC-4DA5-9A5C-5C5BE7BE61BA}"
EndProject
Project("{9A19103F-16F7-4668-BE54-9A1E7A4F7556}") = "HomeTG.Benchmarks", "HomeTG.Benchmarks\HomeTG.Benchmarks.csproj", "{98F085BF-D7DA-487D-8B7A-FA625ACD512E}"
EndProject
Project("{FAE04EC0-301F-11D3-BF4B-00C04F79EFBC}") = "HomeTG.API", "HomeTG.API\HomeTG.API.csproj", "{7C8DDB87-D8B4-4341-ABF8-E4E334E0E8C9}"
EndProject
Project("{E53339B2-1760-4266-BCC7-CA923CBCF16C}") = "docker-compose", "docker-compose.dcproj", "{C6DEBA07-9096-495C-AC28-DEA49B404B04}"
EndProject
Global
	GlobalSection(SolutionConfigurationPlatforms) = preSolution
		Debug|Any CPU = Debug|Any CPU
		Release|Any CPU = Release|Any CPU
	EndGlobalSection
	GlobalSection(ProjectConfigurationPlatforms) = postSolution
		{B49F7FC3-39FC-45C0-AA94-F54EA85B92C1}.Debug|Any CPU.ActiveCfg = Debug|Any CPU
		{B49F7FC3-39FC-45C0-AA94-F54EA85B92C1}.Debug|Any CPU.Build.0 = Debug|Any CPU
		{B49F7FC3-39FC-45C0-AA94-F54EA85B92C1}.Release|Any CPU.ActiveCfg = Release|Any CPU
		{B49F7FC3-39FC-45C0-AA94-F54EA85B92C1}.Release|Any CPU.Build.0 = Release|Any CPU
		{6AC515A6-07FC-4DA5-9A5C-5C5BE7BE61BA}.Debug|Any CPU.ActiveCfg = Debug|Any CPU
		{6AC515A6-07FC-4DA5-9A5C-5C5BE7BE61BA}.Debug|Any CPU.Build.0 = Debug|Any CPU
		{6AC515A6-07FC-4DA5-9A5C-5C5BE7BE61BA}.Release|Any CPU.ActiveCfg = Release|Any CPU
		{6AC515A6-07FC-4DA5-9A5C-5C5BE7BE61BA}.Release|Any CPU.Build.0 = Release|Any CPU
		{98F085BF-D7DA-487D-8B7A-FA625ACD512E}.Debug|Any CPU.ActiveCfg = Debug|Any CPU
		{98F085BF-D7DA-487D-8B7A-FA625ACD512E}.Debug|Any CPU.Build.0 = Debug|Any CPU
		{98F085BF-D7DA-487D-8B7A-FA625ACD512E}.Release|Any CPU.ActiveCfg = Release|Any CPU
		{98F085BF-D7DA-487D-8B7A-FA625ACD512E}.Release|Any CPU.Build.0 = Release|Any CPU
		{7C8DDB87-D8B4-4341-ABF8-E4E334E0E8C9}.Debug|Any CPU.ActiveCfg = Debug|Any CPU
		{7C8DDB87-D8B4-4341-ABF8-E4E334E0E8C9}.Debug|Any CPU.Build.0 = Debug|Any CPU
		{7C8DDB87-D8B4-4341-ABF8-E4E334E0E8C9}.Release|Any CPU.ActiveCfg = Release|Any CPU
		{7C8DDB87-D8B4-4341-ABF8-E4E334E0E8C9}.Release|Any CPU.Build.0 = Release|Any CPU
		{C6DEBA07-9096-495C-AC28-DEA49B404B04}.Debug|Any CPU.ActiveCfg = Debug|Any CPU
		{C6DEBA07-9096-495C-AC28-DEA49B404B04}.Debug|Any CPU.Build.0 = Debug|Any CPU
		{C6DEBA07-9096-495C-AC28-DEA49B404B04}.Release|Any CPU.ActiveCfg = Release|Any CPU
		{C6DEBA07-9096-495C-AC28-DEA49B404B04}.Release|Any CPU.Build.0 = Release|Any CPU
	EndGlobalSection
	GlobalSection(SolutionProperties) = preSolution
		HideSolutionNode = FALSE
	EndGlobalSection
	GlobalSection(ExtensibilityGlobals) = postSolution
		SolutionGuid = {CB50DF5E-D8DC-4E48-82F1-0B71299BA547}
	EndGlobalSection
EndGlobal
